
Microsoft Visual Studio Solution File, Format Version 12.00
# Visual Studio 15
VisualStudioVersion = 15.0.28307.168
MinimumVisualStudioVersion = 10.0.40219.1
Project("{FAE04EC0-301F-11D3-BF4B-00C04F79EFBC}") = "LispFunctionTemplate", "LispFunctionTemplate\LispFunctionTemplate.csproj", "{618AF52E-6FDB-480A-8798-C074D85F20CD}"
EndProject
Global
	GlobalSection(SolutionConfigurationPlatforms) = preSolution
		Debug|Any CPU = Debug|Any CPU
		Release|Any CPU = Release|Any CPU
	EndGlobalSection
	GlobalSection(ProjectConfigurationPlatforms) = postSolution
		{618AF52E-6FDB-480A-8798-C074D85F20CD}.Debug|Any CPU.ActiveCfg = Debug|Any CPU
		{618AF52E-6FDB-480A-8798-C074D85F20CD}.Debug|Any CPU.Build.0 = Debug|Any CPU
		{618AF52E-6FDB-480A-8798-C074D85F20CD}.Release|Any CPU.ActiveCfg = Release|Any CPU
		{618AF52E-6FDB-480A-8798-C074D85F20CD}.Release|Any CPU.Build.0 = Release|Any CPU
	EndGlobalSection
	GlobalSection(SolutionProperties) = preSolution
		HideSolutionNode = FALSE
	EndGlobalSection
	GlobalSection(ExtensibilityGlobals) = postSolution
		SolutionGuid = {1142CFD7-E409-4A4D-BA3A-6B8F3FF2A378}
	EndGlobalSection
EndGlobal
